// !$*UTF8*$!
{
	archiveVersion = 1;
	classes = {
	};
	objectVersion = 46;
	objects = {

/* Begin PBXBuildFile section */
		FC62AD091AB137DD000EDDCA /* Podfile in Resources */ = {isa = PBXBuildFile; fileRef = FC62AD081AB137DD000EDDCA /* Podfile */; };
		FC719F2B1AAE8D3900FD10D7 /* AppDelegate.swift in Sources */ = {isa = PBXBuildFile; fileRef = FC719F2A1AAE8D3900FD10D7 /* AppDelegate.swift */; };
		FC719F2D1AAE8D3900FD10D7 /* ViewController.swift in Sources */ = {isa = PBXBuildFile; fileRef = FC719F2C1AAE8D3900FD10D7 /* ViewController.swift */; };
		FC719F301AAE8D3900FD10D7 /* Main.storyboard in Resources */ = {isa = PBXBuildFile; fileRef = FC719F2E1AAE8D3900FD10D7 /* Main.storyboard */; };
		FC719F321AAE8D3900FD10D7 /* Images.xcassets in Resources */ = {isa = PBXBuildFile; fileRef = FC719F311AAE8D3900FD10D7 /* Images.xcassets */; };
		FC719F351AAE8D3900FD10D7 /* LaunchScreen.xib in Resources */ = {isa = PBXBuildFile; fileRef = FC719F331AAE8D3900FD10D7 /* LaunchScreen.xib */; };
		FC719F411AAE8D3900FD10D7 /* tableDemoTests.swift in Sources */ = {isa = PBXBuildFile; fileRef = FC719F401AAE8D3900FD10D7 /* tableDemoTests.swift */; };
		FC719F4B1AAE8E9800FD10D7 /* MovieCellTableViewCell.swift in Sources */ = {isa = PBXBuildFile; fileRef = FC719F4A1AAE8E9800FD10D7 /* MovieCellTableViewCell.swift */; };
/* End PBXBuildFile section */

/* Begin PBXContainerItemProxy section */
		FC719F3B1AAE8D3900FD10D7 /* PBXContainerItemProxy */ = {
			isa = PBXContainerItemProxy;
			containerPortal = FC719F1D1AAE8D3900FD10D7 /* Project object */;
			proxyType = 1;
			remoteGlobalIDString = FC719F241AAE8D3900FD10D7;
			remoteInfo = tableDemo;
		};
/* End PBXContainerItemProxy section */

/* Begin PBXFileReference section */
		FC62AD081AB137DD000EDDCA /* Podfile */ = {isa = PBXFileReference; fileEncoding = 4; lastKnownFileType = text; path = Podfile; sourceTree = "<group>"; };
		FC719F251AAE8D3900FD10D7 /* tableDemo.app */ = {isa = PBXFileReference; explicitFileType = wrapper.application; includeInIndex = 0; path = tableDemo.app; sourceTree = BUILT_PRODUCTS_DIR; };
		FC719F291AAE8D3900FD10D7 /* Info.plist */ = {isa = PBXFileReference; lastKnownFileType = text.plist.xml; path = Info.plist; sourceTree = "<group>"; };
		FC719F2A1AAE8D3900FD10D7 /* AppDelegate.swift */ = {isa = PBXFileReference; lastKnownFileType = sourcecode.swift; path = AppDelegate.swift; sourceTree = "<group>"; };
		FC719F2C1AAE8D3900FD10D7 /* ViewController.swift */ = {isa = PBXFileReference; lastKnownFileType = sourcecode.swift; path = ViewController.swift; sourceTree = "<group>"; };
		FC719F2F1AAE8D3900FD10D7 /* Base */ = {isa = PBXFileReference; lastKnownFileType = file.storyboard; name = Base; path = Base.lproj/Main.storyboard; sourceTree = "<group>"; };
		FC719F311AAE8D3900FD10D7 /* Images.xcassets */ = {isa = PBXFileReference; lastKnownFileType = folder.assetcatalog; path = Images.xcassets; sourceTree = "<group>"; };
		FC719F341AAE8D3900FD10D7 /* Base */ = {isa = PBXFileReference; lastKnownFileType = file.xib; name = Base; path = Base.lproj/LaunchScreen.xib; sourceTree = "<group>"; };
		FC719F3A1AAE8D3900FD10D7 /* tableDemoTests.xctest */ = {isa = PBXFileReference; explicitFileType = wrapper.cfbundle; includeInIndex = 0; path = tableDemoTests.xctest; sourceTree = BUILT_PRODUCTS_DIR; };
		FC719F3F1AAE8D3900FD10D7 /* Info.plist */ = {isa = PBXFileReference; lastKnownFileType = text.plist.xml; path = Info.plist; sourceTree = "<group>"; };
		FC719F401AAE8D3900FD10D7 /* tableDemoTests.swift */ = {isa = PBXFileReference; lastKnownFileType = sourcecode.swift; path = tableDemoTests.swift; sourceTree = "<group>"; };
		FC719F4A1AAE8E9800FD10D7 /* MovieCellTableViewCell.swift */ = {isa = PBXFileReference; fileEncoding = 4; lastKnownFileType = sourcecode.swift; path = MovieCellTableViewCell.swift; sourceTree = "<group>"; };
/* End PBXFileReference section */

/* Begin PBXFrameworksBuildPhase section */
		FC719F221AAE8D3900FD10D7 /* Frameworks */ = {
			isa = PBXFrameworksBuildPhase;
			buildActionMask = 2147483647;
			files = (
			);
			runOnlyForDeploymentPostprocessing = 0;
		};
		FC719F371AAE8D3900FD10D7 /* Frameworks */ = {
			isa = PBXFrameworksBuildPhase;
			buildActionMask = 2147483647;
			files = (
			);
			runOnlyForDeploymentPostprocessing = 0;
		};
/* End PBXFrameworksBuildPhase section */

/* Begin PBXGroup section */
		FC719F1C1AAE8D3900FD10D7 = {
			isa = PBXGroup;
			children = (
				FC719F271AAE8D3900FD10D7 /* tableDemo */,
				FC719F3D1AAE8D3900FD10D7 /* tableDemoTests */,
				FC719F261AAE8D3900FD10D7 /* Products */,
			);
			sourceTree = "<group>";
		};
		FC719F261AAE8D3900FD10D7 /* Products */ = {
			isa = PBXGroup;
			children = (
				FC719F251AAE8D3900FD10D7 /* tableDemo.app */,
				FC719F3A1AAE8D3900FD10D7 /* tableDemoTests.xctest */,
			);
			name = Products;
			sourceTree = "<group>";
		};
		FC719F271AAE8D3900FD10D7 /* tableDemo */ = {
			isa = PBXGroup;
			children = (
				FC719F2A1AAE8D3900FD10D7 /* AppDelegate.swift */,
				FC719F2C1AAE8D3900FD10D7 /* ViewController.swift */,
				FC719F2E1AAE8D3900FD10D7 /* Main.storyboard */,
				FC62AD081AB137DD000EDDCA /* Podfile */,
				FC719F4A1AAE8E9800FD10D7 /* MovieCellTableViewCell.swift */,
				FC719F311AAE8D3900FD10D7 /* Images.xcassets */,
				FC719F331AAE8D3900FD10D7 /* LaunchScreen.xib */,
				FC719F281AAE8D3900FD10D7 /* Supporting Files */,
			);
			path = tableDemo;
			sourceTree = "<group>";
		};
		FC719F281AAE8D3900FD10D7 /* Supporting Files */ = {
			isa = PBXGroup;
			children = (
				FC719F291AAE8D3900FD10D7 /* Info.plist */,
			);
			name = "Supporting Files";
			sourceTree = "<group>";
		};
		FC719F3D1AAE8D3900FD10D7 /* tableDemoTests */ = {
			isa = PBXGroup;
			children = (
				FC719F401AAE8D3900FD10D7 /* tableDemoTests.swift */,
				FC719F3E1AAE8D3900FD10D7 /* Supporting Files */,
			);
			path = tableDemoTests;
			sourceTree = "<group>";
		};
		FC719F3E1AAE8D3900FD10D7 /* Supporting Files */ = {
			isa = PBXGroup;
			children = (
				FC719F3F1AAE8D3900FD10D7 /* Info.plist */,
			);
			name = "Supporting Files";
			sourceTree = "<group>";
		};
/* End PBXGroup section */

/* Begin PBXNativeTarget section */
		FC719F241AAE8D3900FD10D7 /* tableDemo */ = {
			isa = PBXNativeTarget;
			buildConfigurationList = FC719F441AAE8D3900FD10D7 /* Build configuration list for PBXNativeTarget "tableDemo" */;
			buildPhases = (
				FC719F211AAE8D3900FD10D7 /* Sources */,
				FC719F221AAE8D3900FD10D7 /* Frameworks */,
				FC719F231AAE8D3900FD10D7 /* Resources */,
			);
			buildRules = (
			);
			dependencies = (
			);
			name = tableDemo;
			productName = tableDemo;
			productReference = FC719F251AAE8D3900FD10D7 /* tableDemo.app */;
			productType = "com.apple.product-type.application";
		};
		FC719F391AAE8D3900FD10D7 /* tableDemoTests */ = {
			isa = PBXNativeTarget;
			buildConfigurationList = FC719F471AAE8D3900FD10D7 /* Build configuration list for PBXNativeTarget "tableDemoTests" */;
			buildPhases = (
				FC719F361AAE8D3900FD10D7 /* Sources */,
				FC719F371AAE8D3900FD10D7 /* Frameworks */,
				FC719F381AAE8D3900FD10D7 /* Resources */,
			);
			buildRules = (
			);
			dependencies = (
				FC719F3C1AAE8D3900FD10D7 /* PBXTargetDependency */,
			);
			name = tableDemoTests;
			productName = tableDemoTests;
			productReference = FC719F3A1AAE8D3900FD10D7 /* tableDemoTests.xctest */;
			productType = "com.apple.product-type.bundle.unit-test";
		};
/* End PBXNativeTarget section */

/* Begin PBXProject section */
		FC719F1D1AAE8D3900FD10D7 /* Project object */ = {
			isa = PBXProject;
			attributes = {
				LastUpgradeCheck = 0610;
				ORGANIZATIONNAME = "Jonlin Pei";
				TargetAttributes = {
					FC719F241AAE8D3900FD10D7 = {
						CreatedOnToolsVersion = 6.1.1;
					};
					FC719F391AAE8D3900FD10D7 = {
						CreatedOnToolsVersion = 6.1.1;
						TestTargetID = FC719F241AAE8D3900FD10D7;
					};
				};
			};
			buildConfigurationList = FC719F201AAE8D3900FD10D7 /* Build configuration list for PBXProject "tableDemo" */;
			compatibilityVersion = "Xcode 3.2";
			developmentRegion = English;
			hasScannedForEncodings = 0;
			knownRegions = (
				en,
				Base,
			);
			mainGroup = FC719F1C1AAE8D3900FD10D7;
			productRefGroup = FC719F261AAE8D3900FD10D7 /* Products */;
			projectDirPath = "";
			projectRoot = "";
			targets = (
				FC719F241AAE8D3900FD10D7 /* tableDemo */,
				FC719F391AAE8D3900FD10D7 /* tableDemoTests */,
			);
		};
/* End PBXProject section */

/* Begin PBXResourcesBuildPhase section */
		FC719F231AAE8D3900FD10D7 /* Resources */ = {
			isa = PBXResourcesBuildPhase;
			buildActionMask = 2147483647;
			files = (
				FC719F301AAE8D3900FD10D7 /* Main.storyboard in Resources */,
				FC719F351AAE8D3900FD10D7 /* LaunchScreen.xib in Resources */,
				FC62AD091AB137DD000EDDCA /* Podfile in Resources */,
				FC719F321AAE8D3900FD10D7 /* Images.xcassets in Resources */,
			);
			runOnlyForDeploymentPostprocessing = 0;
		};
		FC719F381AAE8D3900FD10D7 /* Resources */ = {
			isa = PBXResourcesBuildPhase;
			buildActionMask = 2147483647;
			files = (
			);
			runOnlyForDeploymentPostprocessing = 0;
		};
/* End PBXResourcesBuildPhase section */

/* Begin PBXSourcesBuildPhase section */
		FC719F211AAE8D3900FD10D7 /* Sources */ = {
			isa = PBXSourcesBuildPhase;
			buildActionMask = 2147483647;
			files = (
				FC719F4B1AAE8E9800FD10D7 /* MovieCellTableViewCell.swift in Sources */,
				FC719F2D1AAE8D3900FD10D7 /* ViewController.swift in Sources */,
				FC719F2B1AAE8D3900FD10D7 /* AppDelegate.swift in Sources */,
			);
			runOnlyForDeploymentPostprocessing = 0;
		};
		FC719F361AAE8D3900FD10D7 /* Sources */ = {
			isa = PBXSourcesBuildPhase;
			buildActionMask = 2147483647;
			files = (
				FC719F411AAE8D3900FD10D7 /* tableDemoTests.swift in Sources */,
			);
			runOnlyForDeploymentPostprocessing = 0;
		};
/* End PBXSourcesBuildPhase section */

/* Begin PBXTargetDependency section */
		FC719F3C1AAE8D3900FD10D7 /* PBXTargetDependency */ = {
			isa = PBXTargetDependency;
			target = FC719F241AAE8D3900FD10D7 /* tableDemo */;
			targetProxy = FC719F3B1AAE8D3900FD10D7 /* PBXContainerItemProxy */;
		};
/* End PBXTargetDependency section */

/* Begin PBXVariantGroup section */
		FC719F2E1AAE8D3900FD10D7 /* Main.storyboard */ = {
			isa = PBXVariantGroup;
			children = (
				FC719F2F1AAE8D3900FD10D7 /* Base */,
			);
			name = Main.storyboard;
			sourceTree = "<group>";
		};
		FC719F331AAE8D3900FD10D7 /* LaunchScreen.xib */ = {
			isa = PBXVariantGroup;
			children = (
				FC719F341AAE8D3900FD10D7 /* Base */,
			);
			name = LaunchScreen.xib;
			sourceTree = "<group>";
		};
/* End PBXVariantGroup section */

/* Begin XCBuildConfiguration section */
		FC719F421AAE8D3900FD10D7 /* Debug */ = {
			isa = XCBuildConfiguration;
			buildSettings = {
				ALWAYS_SEARCH_USER_PATHS = NO;
				CLANG_CXX_LANGUAGE_STANDARD = "gnu++0x";
				CLANG_CXX_LIBRARY = "libc++";
				CLANG_ENABLE_MODULES = YES;
				CLANG_ENABLE_OBJC_ARC = YES;
				CLANG_WARN_BOOL_CONVERSION = YES;
				CLANG_WARN_CONSTANT_CONVERSION = YES;
				CLANG_WARN_DIRECT_OBJC_ISA_USAGE = YES_ERROR;
				CLANG_WARN_EMPTY_BODY = YES;
				CLANG_WARN_ENUM_CONVERSION = YES;
				CLANG_WARN_INT_CONVERSION = YES;
				CLANG_WARN_OBJC_ROOT_CLASS = YES_ERROR;
				CLANG_WARN_UNREACHABLE_CODE = YES;
				CLANG_WARN__DUPLICATE_METHOD_MATCH = YES;
				"CODE_SIGN_IDENTITY[sdk=iphoneos*]" = "iPhone Developer";
				COPY_PHASE_STRIP = NO;
				ENABLE_STRICT_OBJC_MSGSEND = YES;
				GCC_C_LANGUAGE_STANDARD = gnu99;
				GCC_DYNAMIC_NO_PIC = NO;
				GCC_OPTIMIZATION_LEVEL = 0;
				GCC_PREPROCESSOR_DEFINITIONS = (
					"DEBUG=1",
					"$(inherited)",
				);
				GCC_SYMBOLS_PRIVATE_EXTERN = NO;
				GCC_WARN_64_TO_32_BIT_CONVERSION = YES;
				GCC_WARN_ABOUT_RETURN_TYPE = YES_ERROR;
				GCC_WARN_UNDECLARED_SELECTOR = YES;
				GCC_WARN_UNINITIALIZED_AUTOS = YES_AGGRESSIVE;
				GCC_WARN_UNUSED_FUNCTION = YES;
				GCC_WARN_UNUSED_VARIABLE = YES;
				IPHONEOS_DEPLOYMENT_TARGET = 8.1;
				MTL_ENABLE_DEBUG_INFO = YES;
				ONLY_ACTIVE_ARCH = YES;
				SDKROOT = iphoneos;
				SWIFT_OPTIMIZATION_LEVEL = "-Onone";
			};
			name = Debug;
		};
		FC719F431AAE8D3900FD10D7 /* Release */ = {
			isa = XCBuildConfiguration;
			buildSettings = {
				ALWAYS_SEARCH_USER_PATHS = NO;
				CLANG_CXX_LANGUAGE_STANDARD = "gnu++0x";
				CLANG_CXX_LIBRARY = "libc++";
				CLANG_ENABLE_MODULES = YES;
				CLANG_ENABLE_OBJC_ARC = YES;
				CLANG_WARN_BOOL_CONVERSION = YES;
				CLANG_WARN_CONSTANT_CONVERSION = YES;
				CLANG_WARN_DIRECT_OBJC_ISA_USAGE = YES_ERROR;
				CLANG_WARN_EMPTY_BODY = YES;
				CLANG_WARN_ENUM_CONVERSION = YES;
				CLANG_WARN_INT_CONVERSION = YES;
				CLANG_WARN_OBJC_ROOT_CLASS = YES_ERROR;
				CLANG_WARN_UNREACHABLE_CODE = YES;
				CLANG_WARN__DUPLICATE_METHOD_MATCH = YES;
				"CODE_SIGN_IDENTITY[sdk=iphoneos*]" = "iPhone Developer";
				COPY_PHASE_STRIP = YES;
				ENABLE_NS_ASSERTIONS = NO;
				ENABLE_STRICT_OBJC_MSGSEND = YES;
				GCC_C_LANGUAGE_STANDARD = gnu99;
				GCC_WARN_64_TO_32_BIT_CONVERSION = YES;
				GCC_WARN_ABOUT_RETURN_TYPE = YES_ERROR;
				GCC_WARN_UNDECLARED_SELECTOR = YES;
				GCC_WARN_UNINITIALIZED_AUTOS = YES_AGGRESSIVE;
				GCC_WARN_UNUSED_FUNCTION = YES;
				GCC_WARN_UNUSED_VARIABLE = YES;
				IPHONEOS_DEPLOYMENT_TARGET = 8.1;
				MTL_ENABLE_DEBUG_INFO = NO;
				SDKROOT = iphoneos;
				VALIDATE_PRODUCT = YES;
			};
			name = Release;
		};
		FC719F451AAE8D3900FD10D7 /* Debug */ = {
			isa = XCBuildConfiguration;
			buildSettings = {
				ASSETCATALOG_COMPILER_APPICON_NAME = AppIcon;
				INFOPLIST_FILE = tableDemo/Info.plist;
				LD_RUNPATH_SEARCH_PATHS = "$(inherited) @executable_path/Frameworks";
				PRODUCT_NAME = "$(TARGET_NAME)";
			};
			name = Debug;
		};
		FC719F461AAE8D3900FD10D7 /* Release */ = {
			isa = XCBuildConfiguration;
			buildSettings = {
				ASSETCATALOG_COMPILER_APPICON_NAME = AppIcon;
				INFOPLIST_FILE = tableDemo/Info.plist;
				LD_RUNPATH_SEARCH_PATHS = "$(inherited) @executable_path/Frameworks";
				PRODUCT_NAME = "$(TARGET_NAME)";
			};
			name = Release;
		};
		FC719F481AAE8D3900FD10D7 /* Debug */ = {
			isa = XCBuildConfiguration;
			buildSettings = {
				BUNDLE_LOADER = "$(TEST_HOST)";
				FRAMEWORK_SEARCH_PATHS = (
					"$(SDKROOT)/Developer/Library/Frameworks",
					"$(inherited)",
				);
				GCC_PREPROCESSOR_DEFINITIONS = (
					"DEBUG=1",
					"$(inherited)",
				);
				INFOPLIST_FILE = tableDemoTests/Info.plist;
				LD_RUNPATH_SEARCH_PATHS = "$(inherited) @executable_path/Frameworks @loader_path/Frameworks";
				PRODUCT_NAME = "$(TARGET_NAME)";
				TEST_HOST = "$(BUILT_PRODUCTS_DIR)/tableDemo.app/tableDemo";
			};
			name = Debug;
		};
		FC719F491AAE8D3900FD10D7 /* Release */ = {
			isa = XCBuildConfiguration;
			buildSettings = {
				BUNDLE_LOADER = "$(TEST_HOST)";
				FRAMEWORK_SEARCH_PATHS = (
					"$(SDKROOT)/Developer/Library/Frameworks",
					"$(inherited)",
				);
				INFOPLIST_FILE = tableDemoTests/Info.plist;
				LD_RUNPATH_SEARCH_PATHS = "$(inherited) @executable_path/Frameworks @loader_path/Frameworks";
				PRODUCT_NAME = "$(TARGET_NAME)";
				TEST_HOST = "$(BUILT_PRODUCTS_DIR)/tableDemo.app/tableDemo";
			};
			name = Release;
		};
/* End XCBuildConfiguration section */

/* Begin XCConfigurationList section */
		FC719F201AAE8D3900FD10D7 /* Build configuration list for PBXProject "tableDemo" */ = {
			isa = XCConfigurationList;
			buildConfigurations = (
				FC719F421AAE8D3900FD10D7 /* Debug */,
				FC719F431AAE8D3900FD10D7 /* Release */,
			);
			defaultConfigurationIsVisible = 0;
			defaultConfigurationName = Release;
		};
		FC719F441AAE8D3900FD10D7 /* Build configuration list for PBXNativeTarget "tableDemo" */ = {
			isa = XCConfigurationList;
			buildConfigurations = (
				FC719F451AAE8D3900FD10D7 /* Debug */,
				FC719F461AAE8D3900FD10D7 /* Release */,
			);
			defaultConfigurationIsVisible = 0;
			defaultConfigurationName = Release;
		};
		FC719F471AAE8D3900FD10D7 /* Build configuration list for PBXNativeTarget "tableDemoTests" */ = {
			isa = XCConfigurationList;
			buildConfigurations = (
				FC719F481AAE8D3900FD10D7 /* Debug */,
				FC719F491AAE8D3900FD10D7 /* Release */,
			);
			defaultConfigurationIsVisible = 0;
			defaultConfigurationName = Release;
		};
/* End XCConfigurationList section */
	};
	rootObject = FC719F1D1AAE8D3900FD10D7 /* Project object */;
}
